
Microsoft Visual Studio Solution File, Format Version 12.00
# Visual Studio 2013
VisualStudioVersion = 12.0.40629.0
MinimumVisualStudioVersion = 10.0.40219.1
Project("{FAE04EC0-301F-11D3-BF4B-00C04F79EFBC}") = "FinanceTracker", "FinanceTracker\FinanceTracker.csproj", "{42819D39-BEC6-46B2-83DB-A7FC23701BCB}"
EndProject
Project("{FAE04EC0-301F-11D3-BF4B-00C04F79EFBC}") = "DataConverter", "DataConverter\DataConverter.csproj", "{FD05903D-AF00-4D2B-B33C-81EDDB829D58}"
EndProject
Project("{54435603-DBB4-11D2-8724-00A0C9A8B90C}") = "FinanceTrackerSetup", "FinanceTrackerSetup\FinanceTrackerSetup.vdproj", "{A54E5DF6-4FFE-4B10-B05B-D3EEB9A52CC3}"
EndProject
Project("{FAE04EC0-301F-11D3-BF4B-00C04F79EFBC}") = "DeleteDataAction", "CustomsActions\DeleteDataAction.csproj", "{F61C7EC9-7341-4E38-8889-CAFCB7ACEDAA}"
EndProject
Global
	GlobalSection(SolutionConfigurationPlatforms) = preSolution
		Debug|Any CPU = Debug|Any CPU
		Release|Any CPU = Release|Any CPU
	EndGlobalSection
	GlobalSection(ProjectConfigurationPlatforms) = postSolution
		{42819D39-BEC6-46B2-83DB-A7FC23701BCB}.Debug|Any CPU.ActiveCfg = Debug|Any CPU
		{42819D39-BEC6-46B2-83DB-A7FC23701BCB}.Debug|Any CPU.Build.0 = Debug|Any CPU
		{42819D39-BEC6-46B2-83DB-A7FC23701BCB}.Release|Any CPU.ActiveCfg = Release|Any CPU
		{42819D39-BEC6-46B2-83DB-A7FC23701BCB}.Release|Any CPU.Build.0 = Release|Any CPU
		{FD05903D-AF00-4D2B-B33C-81EDDB829D58}.Debug|Any CPU.ActiveCfg = Debug|Any CPU
		{FD05903D-AF00-4D2B-B33C-81EDDB829D58}.Debug|Any CPU.Build.0 = Debug|Any CPU
		{FD05903D-AF00-4D2B-B33C-81EDDB829D58}.Release|Any CPU.ActiveCfg = Release|Any CPU
		{FD05903D-AF00-4D2B-B33C-81EDDB829D58}.Release|Any CPU.Build.0 = Release|Any CPU
		{A54E5DF6-4FFE-4B10-B05B-D3EEB9A52CC3}.Debug|Any CPU.ActiveCfg = Debug
		{A54E5DF6-4FFE-4B10-B05B-D3EEB9A52CC3}.Release|Any CPU.ActiveCfg = Release
		{F61C7EC9-7341-4E38-8889-CAFCB7ACEDAA}.Debug|Any CPU.ActiveCfg = Debug|Any CPU
		{F61C7EC9-7341-4E38-8889-CAFCB7ACEDAA}.Debug|Any CPU.Build.0 = Debug|Any CPU
		{F61C7EC9-7341-4E38-8889-CAFCB7ACEDAA}.Release|Any CPU.ActiveCfg = Release|Any CPU
		{F61C7EC9-7341-4E38-8889-CAFCB7ACEDAA}.Release|Any CPU.Build.0 = Release|Any CPU
	EndGlobalSection
	GlobalSection(SolutionProperties) = preSolution
		HideSolutionNode = FALSE
	EndGlobalSection
EndGlobal
