
Microsoft Visual Studio Solution File, Format Version 12.00
# Visual Studio Version 16
VisualStudioVersion = 16.0.31205.134
MinimumVisualStudioVersion = 10.0.40219.1
Project("{9A19103F-16F7-4668-BE54-9A1E7A4F7556}") = "FinanceTracker", "FinanceTracker\FinanceTracker.csproj", "{42819D39-BEC6-46B2-83DB-A7FC23701BCB}"
EndProject
Project("{9A19103F-16F7-4668-BE54-9A1E7A4F7556}") = "FileInfo", "FileInfo\FileInfo.csproj", "{77F4D9FF-A2F8-4A8A-A655-CAD525957F19}"
EndProject
Project("{9A19103F-16F7-4668-BE54-9A1E7A4F7556}") = "Encryption", "Encryption\Encryption.csproj", "{939B13EA-247E-48D7-83E1-EAE05B94DA55}"
EndProject
Project("{9A19103F-16F7-4668-BE54-9A1E7A4F7556}") = "DataConverter", "DataConverter\DataConverter.csproj", "{8756D5E1-0EA0-48D5-BA1C-DBE760DC9283}"
EndProject
Project("{54435603-DBB4-11D2-8724-00A0C9A8B90C}") = "FinanceTrackerSetup", "FinanceTrackerSetup\FinanceTrackerSetup.vdproj", "{8CA9A877-75EF-4874-BAB6-A05E683D01E9}"
EndProject
Project("{FAE04EC0-301F-11D3-BF4B-00C04F79EFBC}") = "DeleteDataAction", "CustomActions\DeleteDataAction.csproj", "{F61C7EC9-7341-4E38-8889-CAFCB7ACEDAA}"
EndProject
Global
	GlobalSection(SolutionConfigurationPlatforms) = preSolution
		Debug|Any CPU = Debug|Any CPU
		Release|Any CPU = Release|Any CPU
	EndGlobalSection
	GlobalSection(ProjectConfigurationPlatforms) = postSolution
		{42819D39-BEC6-46B2-83DB-A7FC23701BCB}.Debug|Any CPU.ActiveCfg = Debug|Any CPU
		{42819D39-BEC6-46B2-83DB-A7FC23701BCB}.Debug|Any CPU.Build.0 = Debug|Any CPU
		{42819D39-BEC6-46B2-83DB-A7FC23701BCB}.Release|Any CPU.ActiveCfg = Release|Any CPU
		{42819D39-BEC6-46B2-83DB-A7FC23701BCB}.Release|Any CPU.Build.0 = Release|Any CPU
		{77F4D9FF-A2F8-4A8A-A655-CAD525957F19}.Debug|Any CPU.ActiveCfg = Debug|Any CPU
		{77F4D9FF-A2F8-4A8A-A655-CAD525957F19}.Debug|Any CPU.Build.0 = Debug|Any CPU
		{77F4D9FF-A2F8-4A8A-A655-CAD525957F19}.Release|Any CPU.ActiveCfg = Release|Any CPU
		{77F4D9FF-A2F8-4A8A-A655-CAD525957F19}.Release|Any CPU.Build.0 = Release|Any CPU
		{939B13EA-247E-48D7-83E1-EAE05B94DA55}.Debug|Any CPU.ActiveCfg = Debug|Any CPU
		{939B13EA-247E-48D7-83E1-EAE05B94DA55}.Debug|Any CPU.Build.0 = Debug|Any CPU
		{939B13EA-247E-48D7-83E1-EAE05B94DA55}.Release|Any CPU.ActiveCfg = Release|Any CPU
		{939B13EA-247E-48D7-83E1-EAE05B94DA55}.Release|Any CPU.Build.0 = Release|Any CPU
		{8756D5E1-0EA0-48D5-BA1C-DBE760DC9283}.Debug|Any CPU.ActiveCfg = Debug|Any CPU
		{8756D5E1-0EA0-48D5-BA1C-DBE760DC9283}.Debug|Any CPU.Build.0 = Debug|Any CPU
		{8756D5E1-0EA0-48D5-BA1C-DBE760DC9283}.Release|Any CPU.ActiveCfg = Release|Any CPU
		{8756D5E1-0EA0-48D5-BA1C-DBE760DC9283}.Release|Any CPU.Build.0 = Release|Any CPU
		{8CA9A877-75EF-4874-BAB6-A05E683D01E9}.Debug|Any CPU.ActiveCfg = Debug
		{8CA9A877-75EF-4874-BAB6-A05E683D01E9}.Release|Any CPU.ActiveCfg = Release
		{F61C7EC9-7341-4E38-8889-CAFCB7ACEDAA}.Debug|Any CPU.ActiveCfg = Debug|Any CPU
		{F61C7EC9-7341-4E38-8889-CAFCB7ACEDAA}.Debug|Any CPU.Build.0 = Debug|Any CPU
		{F61C7EC9-7341-4E38-8889-CAFCB7ACEDAA}.Release|Any CPU.ActiveCfg = Release|Any CPU
		{F61C7EC9-7341-4E38-8889-CAFCB7ACEDAA}.Release|Any CPU.Build.0 = Release|Any CPU
	EndGlobalSection
	GlobalSection(SolutionProperties) = preSolution
		HideSolutionNode = FALSE
	EndGlobalSection
	GlobalSection(ExtensibilityGlobals) = postSolution
		SolutionGuid = {0D97AFCB-E81C-41B0-A1AB-F22BD8388779}
	EndGlobalSection
EndGlobal
